
Microsoft Visual Studio Solution File, Format Version 12.00
# Visual Studio 15
Project("{FAE04EC0-301F-11D3-BF4B-00C04F79EFBC}") = "iosAppbbb", "iosAppbbb\iosAppbbb.csproj", "{867CBE22-F9BD-4C00-9E79-EFAFB5A2A7A6}"
EndProject
Global
	GlobalSection(SolutionConfigurationPlatforms) = preSolution
		Debug|iPhoneSimulator = Debug|iPhoneSimulator
		Release|iPhone = Release|iPhone
		Release|iPhoneSimulator = Release|iPhoneSimulator
		Debug|iPhone = Debug|iPhone
	EndGlobalSection
	GlobalSection(ProjectConfigurationPlatforms) = postSolution
		{867CBE22-F9BD-4C00-9E79-EFAFB5A2A7A6}.Debug|iPhoneSimulator.ActiveCfg = Debug|iPhoneSimulator
		{867CBE22-F9BD-4C00-9E79-EFAFB5A2A7A6}.Debug|iPhoneSimulator.Build.0 = Debug|iPhoneSimulator
		{867CBE22-F9BD-4C00-9E79-EFAFB5A2A7A6}.Release|iPhone.ActiveCfg = Release|iPhone
		{867CBE22-F9BD-4C00-9E79-EFAFB5A2A7A6}.Release|iPhone.Build.0 = Release|iPhone
		{867CBE22-F9BD-4C00-9E79-EFAFB5A2A7A6}.Release|iPhoneSimulator.ActiveCfg = Release|iPhoneSimulator
		{867CBE22-F9BD-4C00-9E79-EFAFB5A2A7A6}.Release|iPhoneSimulator.Build.0 = Release|iPhoneSimulator
		{867CBE22-F9BD-4C00-9E79-EFAFB5A2A7A6}.Debug|iPhone.ActiveCfg = Debug|iPhone
		{867CBE22-F9BD-4C00-9E79-EFAFB5A2A7A6}.Debug|iPhone.Build.0 = Debug|iPhone
	EndGlobalSection
EndGlobal
